
Microsoft Visual Studio Solution File, Format Version 12.00
# Visual Studio Version 17
VisualStudioVersion = 17.9.34607.119
MinimumVisualStudioVersion = 10.0.40219.1
Project("{FAE04EC0-301F-11D3-BF4B-00C04F79EFBC}") = "ShoppingApp", "ShoppingApp.csproj", "{FEA75FA5-EACF-406C-AED4-2FACADC03C61}"
EndProject
Global
	GlobalSection(SolutionConfigurationPlatforms) = preSolution
		Debug|Any CPU = Debug|Any CPU
		Release|Any CPU = Release|Any CPU
	EndGlobalSection
	GlobalSection(ProjectConfigurationPlatforms) = postSolution
		{FEA75FA5-EACF-406C-AED4-2FACADC03C61}.Debug|Any CPU.ActiveCfg = Debug|Any CPU
		{FEA75FA5-EACF-406C-AED4-2FACADC03C61}.Debug|Any CPU.Build.0 = Debug|Any CPU
		{FEA75FA5-EACF-406C-AED4-2FACADC03C61}.Release|Any CPU.ActiveCfg = Release|Any CPU
		{FEA75FA5-EACF-406C-AED4-2FACADC03C61}.Release|Any CPU.Build.0 = Release|Any CPU
	EndGlobalSection
	GlobalSection(SolutionProperties) = preSolution
		HideSolutionNode = FALSE
	EndGlobalSection
	GlobalSection(ExtensibilityGlobals) = postSolution
		SolutionGuid = {8001A8C6-ED0B-492F-A0AB-73BA6CEFFFFE}
	EndGlobalSection
EndGlobal
